// !$*UTF8*$!
{
	archiveVersion = 1;
	classes = {
	};
	objectVersion = 51;
	objects = {

/* Begin PBXBuildFile section */
		0BCABF15F4522FF18235B038 /* Pods_EngagementSample.framework in Frameworks */ = {isa = PBXBuildFile; fileRef = C9181180E4268E943898CB31 /* Pods_EngagementSample.framework */; };
		686FCD402606EE79008BD4AD /* MessageCenter.swift in Sources */ = {isa = PBXBuildFile; fileRef = 686FCD3F2606EE78008BD4AD /* MessageCenter.swift */; };
		9D92FB95211DEEB300747F9D /* MessageDetailViewController.swift in Sources */ = {isa = PBXBuildFile; fileRef = 9D92FB94211DEEB300747F9D /* MessageDetailViewController.swift */; };
		E31E59ED21305BA60088A153 /* ProfileAttributesTableViewController.swift in Sources */ = {isa = PBXBuildFile; fileRef = E31E59EC21305BA60088A153 /* ProfileAttributesTableViewController.swift */; };
		E31E59EF21305CA10088A153 /* AttributeTableViewController.swift in Sources */ = {isa = PBXBuildFile; fileRef = E31E59EE21305CA10088A153 /* AttributeTableViewController.swift */; };
		E3999F30212B031F00903F39 /* MapViewController.swift in Sources */ = {isa = PBXBuildFile; fileRef = E3999F2F212B031F00903F39 /* MapViewController.swift */; };
		E3999F32212B04B100903F39 /* GeozoneCircle.swift in Sources */ = {isa = PBXBuildFile; fileRef = E3999F31212B04B100903F39 /* GeozoneCircle.swift */; };
		E3D2FAC2211CBC29007F9F20 /* AppDelegate.swift in Sources */ = {isa = PBXBuildFile; fileRef = E3D2FAC1211CBC29007F9F20 /* AppDelegate.swift */; };
		E3D2FAE1211CC088007F9F20 /* LocationsViewController.swift in Sources */ = {isa = PBXBuildFile; fileRef = E3D2FAD6211CC088007F9F20 /* LocationsViewController.swift */; };
		E3D2FAE2211CC088007F9F20 /* InfoTableViewController.swift in Sources */ = {isa = PBXBuildFile; fileRef = E3D2FAD7211CC088007F9F20 /* InfoTableViewController.swift */; };
		E3D2FAE3211CC088007F9F20 /* LaunchScreen.storyboard in Resources */ = {isa = PBXBuildFile; fileRef = E3D2FAD9211CC088007F9F20 /* LaunchScreen.storyboard */; };
		E3D2FAE4211CC088007F9F20 /* Main.storyboard in Resources */ = {isa = PBXBuildFile; fileRef = E3D2FADA211CC088007F9F20 /* Main.storyboard */; };
		E3D2FAE5211CC088007F9F20 /* Assets.xcassets in Resources */ = {isa = PBXBuildFile; fileRef = E3D2FADE211CC088007F9F20 /* Assets.xcassets */; };
		E3D2FAE8211CC38F007F9F20 /* MessagesViewController.swift in Sources */ = {isa = PBXBuildFile; fileRef = E3D2FAE7211CC38F007F9F20 /* MessagesViewController.swift */; };
		E3D2FAEA211CC3B3007F9F20 /* LogsViewController.swift in Sources */ = {isa = PBXBuildFile; fileRef = E3D2FAE9211CC3B3007F9F20 /* LogsViewController.swift */; };
		E3D2FAF8211DC750007F9F20 /* TabBarController.swift in Sources */ = {isa = PBXBuildFile; fileRef = E3D2FAF7211DC750007F9F20 /* TabBarController.swift */; };
		FB601B4A211DE562005E0D8E /* LogsCell.swift in Sources */ = {isa = PBXBuildFile; fileRef = FB601B49211DE562005E0D8E /* LogsCell.swift */; };
		FB601B4C211E32E1005E0D8E /* LogDetailViewController.swift in Sources */ = {isa = PBXBuildFile; fileRef = FB601B4B211E32E1005E0D8E /* LogDetailViewController.swift */; };
		FB601B4E2121BD70005E0D8E /* LogItem.swift in Sources */ = {isa = PBXBuildFile; fileRef = FB601B4D2121BD70005E0D8E /* LogItem.swift */; };
/* End PBXBuildFile section */

/* Begin PBXFileReference section */
		12ADE16E2706E4A25B068F55 /* Pods-EngagementSample.release.xcconfig */ = {isa = PBXFileReference; includeInIndex = 1; lastKnownFileType = text.xcconfig; name = "Pods-EngagementSample.release.xcconfig"; path = "Target Support Files/Pods-EngagementSample/Pods-EngagementSample.release.xcconfig"; sourceTree = "<group>"; };
		357B1FBF6E8C31F02D573488 /* Pods-EngagementSample.debug.xcconfig */ = {isa = PBXFileReference; includeInIndex = 1; lastKnownFileType = text.xcconfig; name = "Pods-EngagementSample.debug.xcconfig"; path = "Target Support Files/Pods-EngagementSample/Pods-EngagementSample.debug.xcconfig"; sourceTree = "<group>"; };
		686FCD3F2606EE78008BD4AD /* MessageCenter.swift */ = {isa = PBXFileReference; fileEncoding = 4; lastKnownFileType = sourcecode.swift; path = MessageCenter.swift; sourceTree = "<group>"; };
		9D92FB94211DEEB300747F9D /* MessageDetailViewController.swift */ = {isa = PBXFileReference; lastKnownFileType = sourcecode.swift; path = MessageDetailViewController.swift; sourceTree = "<group>"; };
		C9181180E4268E943898CB31 /* Pods_EngagementSample.framework */ = {isa = PBXFileReference; explicitFileType = wrapper.framework; includeInIndex = 0; path = Pods_EngagementSample.framework; sourceTree = BUILT_PRODUCTS_DIR; };
		E31E59EC21305BA60088A153 /* ProfileAttributesTableViewController.swift */ = {isa = PBXFileReference; lastKnownFileType = sourcecode.swift; path = ProfileAttributesTableViewController.swift; sourceTree = "<group>"; };
		E31E59EE21305CA10088A153 /* AttributeTableViewController.swift */ = {isa = PBXFileReference; lastKnownFileType = sourcecode.swift; path = AttributeTableViewController.swift; sourceTree = "<group>"; };
		E3999F2F212B031F00903F39 /* MapViewController.swift */ = {isa = PBXFileReference; lastKnownFileType = sourcecode.swift; path = MapViewController.swift; sourceTree = "<group>"; };
		E3999F31212B04B100903F39 /* GeozoneCircle.swift */ = {isa = PBXFileReference; lastKnownFileType = sourcecode.swift; path = GeozoneCircle.swift; sourceTree = "<group>"; };
		E3D2FABE211CBC29007F9F20 /* EngagementSample.app */ = {isa = PBXFileReference; explicitFileType = wrapper.application; includeInIndex = 0; path = EngagementSample.app; sourceTree = BUILT_PRODUCTS_DIR; };
		E3D2FAC1211CBC29007F9F20 /* AppDelegate.swift */ = {isa = PBXFileReference; lastKnownFileType = sourcecode.swift; path = AppDelegate.swift; sourceTree = "<group>"; };
		E3D2FAD6211CC088007F9F20 /* LocationsViewController.swift */ = {isa = PBXFileReference; fileEncoding = 4; lastKnownFileType = sourcecode.swift; path = LocationsViewController.swift; sourceTree = "<group>"; };
		E3D2FAD7211CC088007F9F20 /* InfoTableViewController.swift */ = {isa = PBXFileReference; fileEncoding = 4; lastKnownFileType = sourcecode.swift; path = InfoTableViewController.swift; sourceTree = "<group>"; };
		E3D2FAD9211CC088007F9F20 /* LaunchScreen.storyboard */ = {isa = PBXFileReference; fileEncoding = 4; lastKnownFileType = file.storyboard; path = LaunchScreen.storyboard; sourceTree = "<group>"; };
		E3D2FADA211CC088007F9F20 /* Main.storyboard */ = {isa = PBXFileReference; fileEncoding = 4; lastKnownFileType = file.storyboard; path = Main.storyboard; sourceTree = "<group>"; };
		E3D2FADE211CC088007F9F20 /* Assets.xcassets */ = {isa = PBXFileReference; lastKnownFileType = folder.assetcatalog; path = Assets.xcassets; sourceTree = "<group>"; };
		E3D2FADF211CC088007F9F20 /* Info.plist */ = {isa = PBXFileReference; fileEncoding = 4; lastKnownFileType = text.plist.xml; path = Info.plist; sourceTree = "<group>"; };
		E3D2FAE7211CC38F007F9F20 /* MessagesViewController.swift */ = {isa = PBXFileReference; lastKnownFileType = sourcecode.swift; path = MessagesViewController.swift; sourceTree = "<group>"; };
		E3D2FAE9211CC3B3007F9F20 /* LogsViewController.swift */ = {isa = PBXFileReference; lastKnownFileType = sourcecode.swift; path = LogsViewController.swift; sourceTree = "<group>"; };
		E3D2FAF7211DC750007F9F20 /* TabBarController.swift */ = {isa = PBXFileReference; lastKnownFileType = sourcecode.swift; path = TabBarController.swift; sourceTree = "<group>"; };
		E3D2FB02211DDFAB007F9F20 /* EngagementSample.entitlements */ = {isa = PBXFileReference; fileEncoding = 4; lastKnownFileType = text.plist.entitlements; path = EngagementSample.entitlements; sourceTree = "<group>"; };
		FB601B49211DE562005E0D8E /* LogsCell.swift */ = {isa = PBXFileReference; fileEncoding = 4; lastKnownFileType = sourcecode.swift; path = LogsCell.swift; sourceTree = "<group>"; };
		FB601B4B211E32E1005E0D8E /* LogDetailViewController.swift */ = {isa = PBXFileReference; lastKnownFileType = sourcecode.swift; path = LogDetailViewController.swift; sourceTree = "<group>"; };
		FB601B4D2121BD70005E0D8E /* LogItem.swift */ = {isa = PBXFileReference; lastKnownFileType = sourcecode.swift; path = LogItem.swift; sourceTree = "<group>"; };
/* End PBXFileReference section */

/* Begin PBXFrameworksBuildPhase section */
		E3D2FABB211CBC29007F9F20 /* Frameworks */ = {
			isa = PBXFrameworksBuildPhase;
			buildActionMask = 2147483647;
			files = (
				0BCABF15F4522FF18235B038 /* Pods_EngagementSample.framework in Frameworks */,
			);
			runOnlyForDeploymentPostprocessing = 0;
		};
/* End PBXFrameworksBuildPhase section */

/* Begin PBXGroup section */
		78784E201AA7E2DCEFB60D67 /* Frameworks */ = {
			isa = PBXGroup;
			children = (
				C9181180E4268E943898CB31 /* Pods_EngagementSample.framework */,
			);
			name = Frameworks;
			sourceTree = "<group>";
		};
		B3DE414E5ADE636FB5AC4082 /* Pods */ = {
			isa = PBXGroup;
			children = (
				357B1FBF6E8C31F02D573488 /* Pods-EngagementSample.debug.xcconfig */,
				12ADE16E2706E4A25B068F55 /* Pods-EngagementSample.release.xcconfig */,
			);
			name = Pods;
			path = Pods;
			sourceTree = "<group>";
		};
		E3D2FAB5211CBC29007F9F20 = {
			isa = PBXGroup;
			children = (
				E3D2FAC0211CBC29007F9F20 /* EngagementSample */,
				E3D2FABF211CBC29007F9F20 /* Products */,
				B3DE414E5ADE636FB5AC4082 /* Pods */,
				78784E201AA7E2DCEFB60D67 /* Frameworks */,
			);
			sourceTree = "<group>";
		};
		E3D2FABF211CBC29007F9F20 /* Products */ = {
			isa = PBXGroup;
			children = (
				E3D2FABE211CBC29007F9F20 /* EngagementSample.app */,
			);
			name = Products;
			sourceTree = "<group>";
		};
		E3D2FAC0211CBC29007F9F20 /* EngagementSample */ = {
			isa = PBXGroup;
			children = (
				E3D2FAD5211CC088007F9F20 /* Controllers */,
				E3D2FAFD211DD9B8007F9F20 /* Models */,
				E3D2FADD211CC088007F9F20 /* Resources */,
				E3D2FAD8211CC088007F9F20 /* Storyboards */,
				FB601B48211DE562005E0D8E /* Views */,
				E3D2FAC1211CBC29007F9F20 /* AppDelegate.swift */,
			);
			path = EngagementSample;
			sourceTree = "<group>";
		};
		E3D2FAD5211CC088007F9F20 /* Controllers */ = {
			isa = PBXGroup;
			children = (
				E31E59EE21305CA10088A153 /* AttributeTableViewController.swift */,
				E3D2FAD7211CC088007F9F20 /* InfoTableViewController.swift */,
				E3D2FAD6211CC088007F9F20 /* LocationsViewController.swift */,
				FB601B4B211E32E1005E0D8E /* LogDetailViewController.swift */,
				E3D2FAE9211CC3B3007F9F20 /* LogsViewController.swift */,
				E3999F2F212B031F00903F39 /* MapViewController.swift */,
				9D92FB94211DEEB300747F9D /* MessageDetailViewController.swift */,
				E3D2FAE7211CC38F007F9F20 /* MessagesViewController.swift */,
				E31E59EC21305BA60088A153 /* ProfileAttributesTableViewController.swift */,
				E3D2FAF7211DC750007F9F20 /* TabBarController.swift */,
			);
			path = Controllers;
			sourceTree = "<group>";
		};
		E3D2FAD8211CC088007F9F20 /* Storyboards */ = {
			isa = PBXGroup;
			children = (
				E3D2FAD9211CC088007F9F20 /* LaunchScreen.storyboard */,
				E3D2FADA211CC088007F9F20 /* Main.storyboard */,
			);
			path = Storyboards;
			sourceTree = "<group>";
		};
		E3D2FADD211CC088007F9F20 /* Resources */ = {
			isa = PBXGroup;
			children = (
				E3D2FADE211CC088007F9F20 /* Assets.xcassets */,
				E3D2FB02211DDFAB007F9F20 /* EngagementSample.entitlements */,
				E3D2FADF211CC088007F9F20 /* Info.plist */,
			);
			path = Resources;
			sourceTree = "<group>";
		};
		E3D2FAFD211DD9B8007F9F20 /* Models */ = {
			isa = PBXGroup;
			children = (
				E3999F31212B04B100903F39 /* GeozoneCircle.swift */,
				FB601B4D2121BD70005E0D8E /* LogItem.swift */,
				686FCD3F2606EE78008BD4AD /* MessageCenter.swift */,
			);
			path = Models;
			sourceTree = "<group>";
		};
		FB601B48211DE562005E0D8E /* Views */ = {
			isa = PBXGroup;
			children = (
				FB601B49211DE562005E0D8E /* LogsCell.swift */,
			);
			path = Views;
			sourceTree = "<group>";
		};
/* End PBXGroup section */

/* Begin PBXNativeTarget section */
		E3D2FABD211CBC29007F9F20 /* EngagementSample */ = {
			isa = PBXNativeTarget;
			buildConfigurationList = E3D2FAD2211CBC2A007F9F20 /* Build configuration list for PBXNativeTarget "EngagementSample" */;
			buildPhases = (
				F30CA70530429B4DCEDEABEE /* [CP] Check Pods Manifest.lock */,
				E3D2FABA211CBC29007F9F20 /* Sources */,
				E3D2FABB211CBC29007F9F20 /* Frameworks */,
				E3D2FABC211CBC29007F9F20 /* Resources */,
				C22BBB2B170F36FE84ABDB74 /* [CP] Embed Pods Frameworks */,
			);
			buildRules = (
			);
			dependencies = (
			);
			name = EngagementSample;
			productName = EngagementSample;
			productReference = E3D2FABE211CBC29007F9F20 /* EngagementSample.app */;
			productType = "com.apple.product-type.application";
		};
/* End PBXNativeTarget section */

/* Begin PBXProject section */
		E3D2FAB6211CBC29007F9F20 /* Project object */ = {
			isa = PBXProject;
			attributes = {
				LastSwiftUpdateCheck = 0940;
				LastUpgradeCheck = 1240;
				ORGANIZATIONNAME = Phunware;
				TargetAttributes = {
					E3D2FABD211CBC29007F9F20 = {
						CreatedOnToolsVersion = 9.4.1;
						LastSwiftMigration = 1160;
						SystemCapabilities = {
							com.apple.BackgroundModes = {
								enabled = 1;
							};
							com.apple.Push = {
								enabled = 1;
							};
						};
					};
				};
			};
			buildConfigurationList = E3D2FAB9211CBC29007F9F20 /* Build configuration list for PBXProject "EngagementSample" */;
			compatibilityVersion = "Xcode 9.3";
			developmentRegion = en;
			hasScannedForEncodings = 0;
			knownRegions = (
				en,
				Base,
			);
			mainGroup = E3D2FAB5211CBC29007F9F20;
			productRefGroup = E3D2FABF211CBC29007F9F20 /* Products */;
			projectDirPath = "";
			projectRoot = "";
			targets = (
				E3D2FABD211CBC29007F9F20 /* EngagementSample */,
			);
		};
/* End PBXProject section */

/* Begin PBXResourcesBuildPhase section */
		E3D2FABC211CBC29007F9F20 /* Resources */ = {
			isa = PBXResourcesBuildPhase;
			buildActionMask = 2147483647;
			files = (
				E3D2FAE3211CC088007F9F20 /* LaunchScreen.storyboard in Resources */,
				E3D2FAE5211CC088007F9F20 /* Assets.xcassets in Resources */,
				E3D2FAE4211CC088007F9F20 /* Main.storyboard in Resources */,
			);
			runOnlyForDeploymentPostprocessing = 0;
		};
/* End PBXResourcesBuildPhase section */

/* Begin PBXShellScriptBuildPhase section */
		C22BBB2B170F36FE84ABDB74 /* [CP] Embed Pods Frameworks */ = {
			isa = PBXShellScriptBuildPhase;
			buildActionMask = 2147483647;
			files = (
			);
			inputFileListPaths = (
				"${PODS_ROOT}/Target Support Files/Pods-EngagementSample/Pods-EngagementSample-frameworks-${CONFIGURATION}-input-files.xcfilelist",
			);
			name = "[CP] Embed Pods Frameworks";
			outputFileListPaths = (
				"${PODS_ROOT}/Target Support Files/Pods-EngagementSample/Pods-EngagementSample-frameworks-${CONFIGURATION}-output-files.xcfilelist",
			);
			runOnlyForDeploymentPostprocessing = 0;
			shellPath = /bin/sh;
			shellScript = "\"${PODS_ROOT}/Target Support Files/Pods-EngagementSample/Pods-EngagementSample-frameworks.sh\"\n";
			showEnvVarsInLog = 0;
		};
		F30CA70530429B4DCEDEABEE /* [CP] Check Pods Manifest.lock */ = {
			isa = PBXShellScriptBuildPhase;
			buildActionMask = 2147483647;
			files = (
			);
			inputFileListPaths = (
			);
			inputPaths = (
				"${PODS_PODFILE_DIR_PATH}/Podfile.lock",
				"${PODS_ROOT}/Manifest.lock",
			);
			name = "[CP] Check Pods Manifest.lock";
			outputFileListPaths = (
			);
			outputPaths = (
				"$(DERIVED_FILE_DIR)/Pods-EngagementSample-checkManifestLockResult.txt",
			);
			runOnlyForDeploymentPostprocessing = 0;
			shellPath = /bin/sh;
			shellScript = "diff \"${PODS_PODFILE_DIR_PATH}/Podfile.lock\" \"${PODS_ROOT}/Manifest.lock\" > /dev/null\nif [ $? != 0 ] ; then\n    # print error to STDERR\n    echo \"error: The sandbox is not in sync with the Podfile.lock. Run 'pod install' or update your CocoaPods installation.\" >&2\n    exit 1\nfi\n# This output is used by Xcode 'outputs' to avoid re-running this script phase.\necho \"SUCCESS\" > \"${SCRIPT_OUTPUT_FILE_0}\"\n";
			showEnvVarsInLog = 0;
		};
/* End PBXShellScriptBuildPhase section */

/* Begin PBXSourcesBuildPhase section */
		E3D2FABA211CBC29007F9F20 /* Sources */ = {
			isa = PBXSourcesBuildPhase;
			buildActionMask = 2147483647;
			files = (
				E3D2FAEA211CC3B3007F9F20 /* LogsViewController.swift in Sources */,
				E3D2FAC2211CBC29007F9F20 /* AppDelegate.swift in Sources */,
				E3D2FAE2211CC088007F9F20 /* InfoTableViewController.swift in Sources */,
				E31E59ED21305BA60088A153 /* ProfileAttributesTableViewController.swift in Sources */,
				9D92FB95211DEEB300747F9D /* MessageDetailViewController.swift in Sources */,
				E3D2FAF8211DC750007F9F20 /* TabBarController.swift in Sources */,
				FB601B4A211DE562005E0D8E /* LogsCell.swift in Sources */,
				E3D2FAE8211CC38F007F9F20 /* MessagesViewController.swift in Sources */,
				E31E59EF21305CA10088A153 /* AttributeTableViewController.swift in Sources */,
				FB601B4C211E32E1005E0D8E /* LogDetailViewController.swift in Sources */,
				E3999F32212B04B100903F39 /* GeozoneCircle.swift in Sources */,
				686FCD402606EE79008BD4AD /* MessageCenter.swift in Sources */,
				E3D2FAE1211CC088007F9F20 /* LocationsViewController.swift in Sources */,
				FB601B4E2121BD70005E0D8E /* LogItem.swift in Sources */,
				E3999F30212B031F00903F39 /* MapViewController.swift in Sources */,
			);
			runOnlyForDeploymentPostprocessing = 0;
		};
/* End PBXSourcesBuildPhase section */

/* Begin XCBuildConfiguration section */
		E3D2FAD0211CBC2A007F9F20 /* Debug */ = {
			isa = XCBuildConfiguration;
			buildSettings = {
				ALWAYS_SEARCH_USER_PATHS = NO;
				CLANG_ANALYZER_NONNULL = YES;
				CLANG_ANALYZER_NUMBER_OBJECT_CONVERSION = YES_AGGRESSIVE;
				CLANG_CXX_LANGUAGE_STANDARD = "gnu++14";
				CLANG_CXX_LIBRARY = "libc++";
				CLANG_ENABLE_MODULES = YES;
				CLANG_ENABLE_OBJC_ARC = YES;
				CLANG_ENABLE_OBJC_WEAK = YES;
				CLANG_WARN_BLOCK_CAPTURE_AUTORELEASING = YES;
				CLANG_WARN_BOOL_CONVERSION = YES;
				CLANG_WARN_COMMA = YES;
				CLANG_WARN_CONSTANT_CONVERSION = YES;
				CLANG_WARN_DEPRECATED_OBJC_IMPLEMENTATIONS = YES;
				CLANG_WARN_DIRECT_OBJC_ISA_USAGE = YES_ERROR;
				CLANG_WARN_DOCUMENTATION_COMMENTS = YES;
				CLANG_WARN_EMPTY_BODY = YES;
				CLANG_WARN_ENUM_CONVERSION = YES;
				CLANG_WARN_INFINITE_RECURSION = YES;
				CLANG_WARN_INT_CONVERSION = YES;
				CLANG_WARN_NON_LITERAL_NULL_CONVERSION = YES;
				CLANG_WARN_OBJC_IMPLICIT_RETAIN_SELF = YES;
				CLANG_WARN_OBJC_LITERAL_CONVERSION = YES;
				CLANG_WARN_OBJC_ROOT_CLASS = YES_ERROR;
				CLANG_WARN_QUOTED_INCLUDE_IN_FRAMEWORK_HEADER = YES;
				CLANG_WARN_RANGE_LOOP_ANALYSIS = YES;
				CLANG_WARN_STRICT_PROTOTYPES = YES;
				CLANG_WARN_SUSPICIOUS_MOVE = YES;
				CLANG_WARN_UNGUARDED_AVAILABILITY = YES_AGGRESSIVE;
				CLANG_WARN_UNREACHABLE_CODE = YES;
				CLANG_WARN__DUPLICATE_METHOD_MATCH = YES;
				CODE_SIGN_IDENTITY = "iPhone Developer";
				COPY_PHASE_STRIP = NO;
				DEBUG_INFORMATION_FORMAT = dwarf;
				ENABLE_STRICT_OBJC_MSGSEND = YES;
				ENABLE_TESTABILITY = YES;
				GCC_C_LANGUAGE_STANDARD = gnu11;
				GCC_DYNAMIC_NO_PIC = NO;
				GCC_NO_COMMON_BLOCKS = YES;
				GCC_OPTIMIZATION_LEVEL = 0;
				GCC_PREPROCESSOR_DEFINITIONS = (
					"DEBUG=1",
					"$(inherited)",
				);
				GCC_WARN_64_TO_32_BIT_CONVERSION = YES;
				GCC_WARN_ABOUT_RETURN_TYPE = YES_ERROR;
				GCC_WARN_UNDECLARED_SELECTOR = YES;
				GCC_WARN_UNINITIALIZED_AUTOS = YES_AGGRESSIVE;
				GCC_WARN_UNUSED_FUNCTION = YES;
				GCC_WARN_UNUSED_VARIABLE = YES;
				IPHONEOS_DEPLOYMENT_TARGET = 13.0;
				MTL_ENABLE_DEBUG_INFO = YES;
				ONLY_ACTIVE_ARCH = YES;
				SDKROOT = iphoneos;
				SWIFT_ACTIVE_COMPILATION_CONDITIONS = DEBUG;
				SWIFT_OPTIMIZATION_LEVEL = "-Onone";
			};
			name = Debug;
		};
		E3D2FAD1211CBC2A007F9F20 /* Release */ = {
			isa = XCBuildConfiguration;
			buildSettings = {
				ALWAYS_SEARCH_USER_PATHS = NO;
				CLANG_ANALYZER_NONNULL = YES;
				CLANG_ANALYZER_NUMBER_OBJECT_CONVERSION = YES_AGGRESSIVE;
				CLANG_CXX_LANGUAGE_STANDARD = "gnu++14";
				CLANG_CXX_LIBRARY = "libc++";
				CLANG_ENABLE_MODULES = YES;
				CLANG_ENABLE_OBJC_ARC = YES;
				CLANG_ENABLE_OBJC_WEAK = YES;
				CLANG_WARN_BLOCK_CAPTURE_AUTORELEASING = YES;
				CLANG_WARN_BOOL_CONVERSION = YES;
				CLANG_WARN_COMMA = YES;
				CLANG_WARN_CONSTANT_CONVERSION = YES;
				CLANG_WARN_DEPRECATED_OBJC_IMPLEMENTATIONS = YES;
				CLANG_WARN_DIRECT_OBJC_ISA_USAGE = YES_ERROR;
				CLANG_WARN_DOCUMENTATION_COMMENTS = YES;
				CLANG_WARN_EMPTY_BODY = YES;
				CLANG_WARN_ENUM_CONVERSION = YES;
				CLANG_WARN_INFINITE_RECURSION = YES;
				CLANG_WARN_INT_CONVERSION = YES;
				CLANG_WARN_NON_LITERAL_NULL_CONVERSION = YES;
				CLANG_WARN_OBJC_IMPLICIT_RETAIN_SELF = YES;
				CLANG_WARN_OBJC_LITERAL_CONVERSION = YES;
				CLANG_WARN_OBJC_ROOT_CLASS = YES_ERROR;
				CLANG_WARN_QUOTED_INCLUDE_IN_FRAMEWORK_HEADER = YES;
				CLANG_WARN_RANGE_LOOP_ANALYSIS = YES;
				CLANG_WARN_STRICT_PROTOTYPES = YES;
				CLANG_WARN_SUSPICIOUS_MOVE = YES;
				CLANG_WARN_UNGUARDED_AVAILABILITY = YES_AGGRESSIVE;
				CLANG_WARN_UNREACHABLE_CODE = YES;
				CLANG_WARN__DUPLICATE_METHOD_MATCH = YES;
				CODE_SIGN_IDENTITY = "iPhone Developer";
				COPY_PHASE_STRIP = NO;
				DEBUG_INFORMATION_FORMAT = "dwarf-with-dsym";
				ENABLE_NS_ASSERTIONS = NO;
				ENABLE_STRICT_OBJC_MSGSEND = YES;
				GCC_C_LANGUAGE_STANDARD = gnu11;
				GCC_NO_COMMON_BLOCKS = YES;
				GCC_WARN_64_TO_32_BIT_CONVERSION = YES;
				GCC_WARN_ABOUT_RETURN_TYPE = YES_ERROR;
				GCC_WARN_UNDECLARED_SELECTOR = YES;
				GCC_WARN_UNINITIALIZED_AUTOS = YES_AGGRESSIVE;
				GCC_WARN_UNUSED_FUNCTION = YES;
				GCC_WARN_UNUSED_VARIABLE = YES;
				IPHONEOS_DEPLOYMENT_TARGET = 13.0;
				MTL_ENABLE_DEBUG_INFO = NO;
				SDKROOT = iphoneos;
				SWIFT_COMPILATION_MODE = wholemodule;
				SWIFT_OPTIMIZATION_LEVEL = "-O";
				VALIDATE_PRODUCT = YES;
			};
			name = Release;
		};
		E3D2FAD3211CBC2A007F9F20 /* Debug */ = {
			isa = XCBuildConfiguration;
			baseConfigurationReference = 357B1FBF6E8C31F02D573488 /* Pods-EngagementSample.debug.xcconfig */;
			buildSettings = {
				ASSETCATALOG_COMPILER_APPICON_NAME = AppIcon;
				CLANG_ENABLE_MODULES = YES;
				CODE_SIGN_ENTITLEMENTS = EngagementSample/Resources/EngagementSample.entitlements;
				CODE_SIGN_IDENTITY = "iPhone Developer";
				CODE_SIGN_STYLE = Manual;
				CURRENT_PROJECT_VERSION = 1;
				DEBUG_INFORMATION_FORMAT = "dwarf-with-dsym";
				DEVELOPMENT_TEAM = 84CK77G588;
				INFOPLIST_FILE = EngagementSample/Resources/Info.plist;
				LD_RUNPATH_SEARCH_PATHS = (
					"$(inherited)",
					"@executable_path/Frameworks",
				);
				PRODUCT_BUNDLE_IDENTIFIER = com.phunware.EngagementSample;
				PRODUCT_NAME = "$(TARGET_NAME)";
				PROVISIONING_PROFILE = "fd552a7c-164c-4ef1-b453-370ec62717de";
				PROVISIONING_PROFILE_SPECIFIER = EngagementSampleDev;
				SWIFT_OPTIMIZATION_LEVEL = "-Onone";
				SWIFT_VERSION = 5.0;
				TARGETED_DEVICE_FAMILY = "1,2";
			};
			name = Debug;
		};
		E3D2FAD4211CBC2A007F9F20 /* Release */ = {
			isa = XCBuildConfiguration;
			baseConfigurationReference = 12ADE16E2706E4A25B068F55 /* Pods-EngagementSample.release.xcconfig */;
			buildSettings = {
				ASSETCATALOG_COMPILER_APPICON_NAME = AppIcon;
				CLANG_ENABLE_MODULES = YES;
				CODE_SIGN_ENTITLEMENTS = EngagementSample/Resources/EngagementSample.entitlements;
				CODE_SIGN_IDENTITY = "iPhone Distribution";
				CODE_SIGN_STYLE = Manual;
				CURRENT_PROJECT_VERSION = 1;
				DEVELOPMENT_TEAM = 84CK77G588;
				INFOPLIST_FILE = EngagementSample/Resources/Info.plist;
				LD_RUNPATH_SEARCH_PATHS = (
					"$(inherited)",
					"@executable_path/Frameworks",
				);
				PRODUCT_BUNDLE_IDENTIFIER = com.phunware.EngagementSample;
				PRODUCT_NAME = "$(TARGET_NAME)";
				PROVISIONING_PROFILE = "c28e6dc9-3c2b-4332-85bd-d967e44c618b";
				PROVISIONING_PROFILE_SPECIFIER = EngagementSample;
				SWIFT_VERSION = 5.0;
				TARGETED_DEVICE_FAMILY = "1,2";
			};
			name = Release;
		};
/* End XCBuildConfiguration section */

/* Begin XCConfigurationList section */
		E3D2FAB9211CBC29007F9F20 /* Build configuration list for PBXProject "EngagementSample" */ = {
			isa = XCConfigurationList;
			buildConfigurations = (
				E3D2FAD0211CBC2A007F9F20 /* Debug */,
				E3D2FAD1211CBC2A007F9F20 /* Release */,
			);
			defaultConfigurationIsVisible = 0;
			defaultConfigurationName = Release;
		};
		E3D2FAD2211CBC2A007F9F20 /* Build configuration list for PBXNativeTarget "EngagementSample" */ = {
			isa = XCConfigurationList;
			buildConfigurations = (
				E3D2FAD3211CBC2A007F9F20 /* Debug */,
				E3D2FAD4211CBC2A007F9F20 /* Release */,
			);
			defaultConfigurationIsVisible = 0;
			defaultConfigurationName = Release;
		};
/* End XCConfigurationList section */
	};
	rootObject = E3D2FAB6211CBC29007F9F20 /* Project object */;
}
